
Microsoft Visual Studio Solution File, Format Version 12.00
# Visual Studio 2015
Project("{FAE04EC0-301F-11D3-BF4B-00C04F79EFBC}") = "QDTWComputeShader.Plugins", "QDTWComputeShader.Plugins.csproj", "{AF04085C-6222-AAAA-5574-A0EC3CC8F9BD}"
EndProject
Project("{FAE04EC0-301F-11D3-BF4B-00C04F79EFBC}") = "QDTWComputeShader", "QDTWComputeShader.csproj", "{6C0EE2D7-863D-BF25-802B-07985986DBCB}"
EndProject
Project("{FAE04EC0-301F-11D3-BF4B-00C04F79EFBC}") = "QDTWComputeShader.Editor.Plugins", "QDTWComputeShader.Editor.Plugins.csproj", "{C0EEF1C0-CB10-8640-6727-F0AA77C9C20A}"
EndProject
Global
	GlobalSection(SolutionConfigurationPlatforms) = preSolution
		Debug|Any CPU = Debug|Any CPU
		Release|Any CPU = Release|Any CPU
	EndGlobalSection
	GlobalSection(ProjectConfigurationPlatforms) = postSolution
		{AF04085C-6222-AAAA-5574-A0EC3CC8F9BD}.Debug|Any CPU.ActiveCfg = Debug|Any CPU
		{AF04085C-6222-AAAA-5574-A0EC3CC8F9BD}.Debug|Any CPU.Build.0 = Debug|Any CPU
		{AF04085C-6222-AAAA-5574-A0EC3CC8F9BD}.Release|Any CPU.ActiveCfg = Release|Any CPU
		{AF04085C-6222-AAAA-5574-A0EC3CC8F9BD}.Release|Any CPU.Build.0 = Release|Any CPU
		{6C0EE2D7-863D-BF25-802B-07985986DBCB}.Debug|Any CPU.ActiveCfg = Debug|Any CPU
		{6C0EE2D7-863D-BF25-802B-07985986DBCB}.Debug|Any CPU.Build.0 = Debug|Any CPU
		{6C0EE2D7-863D-BF25-802B-07985986DBCB}.Release|Any CPU.ActiveCfg = Release|Any CPU
		{6C0EE2D7-863D-BF25-802B-07985986DBCB}.Release|Any CPU.Build.0 = Release|Any CPU
		{C0EEF1C0-CB10-8640-6727-F0AA77C9C20A}.Debug|Any CPU.ActiveCfg = Debug|Any CPU
		{C0EEF1C0-CB10-8640-6727-F0AA77C9C20A}.Debug|Any CPU.Build.0 = Debug|Any CPU
		{C0EEF1C0-CB10-8640-6727-F0AA77C9C20A}.Release|Any CPU.ActiveCfg = Release|Any CPU
		{C0EEF1C0-CB10-8640-6727-F0AA77C9C20A}.Release|Any CPU.Build.0 = Release|Any CPU
	EndGlobalSection
	GlobalSection(SolutionProperties) = preSolution
		HideSolutionNode = FALSE
	EndGlobalSection
EndGlobal
