
Microsoft Visual Studio Solution File, Format Version 12.00
# Visual Studio 2015
Project("{FAE04EC0-301F-11D3-BF4B-00C04F79EFBC}") = "QDTWComputeShader (Current project SUI test version).Plugins", "QDTWComputeShader (Current project SUI test version).Plugins.csproj", "{F8F7A197-30CA-7B8C-AA4F-A00E029F5801}"
EndProject
Project("{FAE04EC0-301F-11D3-BF4B-00C04F79EFBC}") = "QDTWComputeShader (Current project SUI test version)", "QDTWComputeShader (Current project SUI test version).csproj", "{5D3EF2E8-D90B-7E41-A9A0-059951A4A3E1}"
EndProject
Project("{FAE04EC0-301F-11D3-BF4B-00C04F79EFBC}") = "QDTWComputeShader (Current project SUI test version).Editor.Plugins", "QDTWComputeShader (Current project SUI test version).Editor.Plugins.csproj", "{B3C600B4-C0FC-80D6-7A98-7C2E9D94F828}"
EndProject
Global
	GlobalSection(SolutionConfigurationPlatforms) = preSolution
		Debug|Any CPU = Debug|Any CPU
		Release|Any CPU = Release|Any CPU
	EndGlobalSection
	GlobalSection(ProjectConfigurationPlatforms) = postSolution
		{F8F7A197-30CA-7B8C-AA4F-A00E029F5801}.Debug|Any CPU.ActiveCfg = Debug|Any CPU
		{F8F7A197-30CA-7B8C-AA4F-A00E029F5801}.Debug|Any CPU.Build.0 = Debug|Any CPU
		{F8F7A197-30CA-7B8C-AA4F-A00E029F5801}.Release|Any CPU.ActiveCfg = Release|Any CPU
		{F8F7A197-30CA-7B8C-AA4F-A00E029F5801}.Release|Any CPU.Build.0 = Release|Any CPU
		{5D3EF2E8-D90B-7E41-A9A0-059951A4A3E1}.Debug|Any CPU.ActiveCfg = Debug|Any CPU
		{5D3EF2E8-D90B-7E41-A9A0-059951A4A3E1}.Debug|Any CPU.Build.0 = Debug|Any CPU
		{5D3EF2E8-D90B-7E41-A9A0-059951A4A3E1}.Release|Any CPU.ActiveCfg = Release|Any CPU
		{5D3EF2E8-D90B-7E41-A9A0-059951A4A3E1}.Release|Any CPU.Build.0 = Release|Any CPU
		{B3C600B4-C0FC-80D6-7A98-7C2E9D94F828}.Debug|Any CPU.ActiveCfg = Debug|Any CPU
		{B3C600B4-C0FC-80D6-7A98-7C2E9D94F828}.Debug|Any CPU.Build.0 = Debug|Any CPU
		{B3C600B4-C0FC-80D6-7A98-7C2E9D94F828}.Release|Any CPU.ActiveCfg = Release|Any CPU
		{B3C600B4-C0FC-80D6-7A98-7C2E9D94F828}.Release|Any CPU.Build.0 = Release|Any CPU
	EndGlobalSection
	GlobalSection(SolutionProperties) = preSolution
		HideSolutionNode = FALSE
	EndGlobalSection
EndGlobal
